
Microsoft Visual Studio Solution File, Format Version 12.00
# Visual Studio 15
VisualStudioVersion = 15.0.28307.421
MinimumVisualStudioVersion = 10.0.40219.1
Project("{9A19103F-16F7-4668-BE54-9A1E7A4F7556}") = "WebApi", "src\WebApi\WebApi.csproj", "{951299DD-7912-4A48-BE45-483A8A2B0747}"
EndProject
Project("{FAE04EC0-301F-11D3-BF4B-00C04F79EFBC}") = "Tests", "test\Tests\Tests.csproj", "{936C7E94-7182-4C03-A698-12349D690B6F}"
EndProject
Project("{FAE04EC0-301F-11D3-BF4B-00C04F79EFBC}") = "HttpClients", "src\HttpClients\HttpClients.csproj", "{1A82452E-E197-4A80-A659-308E238731BA}"
EndProject
Global
	GlobalSection(SolutionConfigurationPlatforms) = preSolution
		Debug|Any CPU = Debug|Any CPU
		Release|Any CPU = Release|Any CPU
	EndGlobalSection
	GlobalSection(ProjectConfigurationPlatforms) = postSolution
		{951299DD-7912-4A48-BE45-483A8A2B0747}.Debug|Any CPU.ActiveCfg = Debug|Any CPU
		{951299DD-7912-4A48-BE45-483A8A2B0747}.Debug|Any CPU.Build.0 = Debug|Any CPU
		{951299DD-7912-4A48-BE45-483A8A2B0747}.Release|Any CPU.ActiveCfg = Release|Any CPU
		{951299DD-7912-4A48-BE45-483A8A2B0747}.Release|Any CPU.Build.0 = Release|Any CPU
		{936C7E94-7182-4C03-A698-12349D690B6F}.Debug|Any CPU.ActiveCfg = Debug|Any CPU
		{936C7E94-7182-4C03-A698-12349D690B6F}.Debug|Any CPU.Build.0 = Debug|Any CPU
		{936C7E94-7182-4C03-A698-12349D690B6F}.Release|Any CPU.ActiveCfg = Release|Any CPU
		{936C7E94-7182-4C03-A698-12349D690B6F}.Release|Any CPU.Build.0 = Release|Any CPU
		{1A82452E-E197-4A80-A659-308E238731BA}.Debug|Any CPU.ActiveCfg = Debug|Any CPU
		{1A82452E-E197-4A80-A659-308E238731BA}.Debug|Any CPU.Build.0 = Debug|Any CPU
		{1A82452E-E197-4A80-A659-308E238731BA}.Release|Any CPU.ActiveCfg = Release|Any CPU
		{1A82452E-E197-4A80-A659-308E238731BA}.Release|Any CPU.Build.0 = Release|Any CPU
	EndGlobalSection
	GlobalSection(SolutionProperties) = preSolution
		HideSolutionNode = FALSE
	EndGlobalSection
	GlobalSection(ExtensibilityGlobals) = postSolution
		SolutionGuid = {06414D12-8A4D-42CA-A057-71A67B454EDC}
	EndGlobalSection
EndGlobal
